
Microsoft Visual Studio Solution File, Format Version 9.00
# Visual Studio 2005
Project("{8BC9CEB8-8B4A-11D0-8D11-00A0C91BC942}") = "gob", "gob\gob.vcproj", "{A0AAF6C9-4595-4C84-A871-458FDA36ACFB}"
EndProject
Project("{8BC9CEB8-8B4A-11D0-8D11-00A0C91BC942}") = "kyra", "kyra\kyra.vcproj", "{FF3D2BC2-A458-4F87-98EE-190294627724}"
EndProject
Project("{8BC9CEB8-8B4A-11D0-8D11-00A0C91BC942}") = "queen", "queen\queen.vcproj", "{6A44D9F4-5734-40AE-BDB4-39A4B0C8BA61}"
EndProject
Project("{8BC9CEB8-8B4A-11D0-8D11-00A0C91BC942}") = "saga", "saga\saga.vcproj", "{841A043F-6046-4222-833A-CB04067172C5}"
EndProject
Project("{8BC9CEB8-8B4A-11D0-8D11-00A0C91BC942}") = "scumm", "scumm\scumm.vcproj", "{5F413F0B-C934-4455-B910-DE24FB76EE23}"
EndProject
Project("{8BC9CEB8-8B4A-11D0-8D11-00A0C91BC942}") = "scummvm", "scummvm\scummvm.vcproj", "{B1C096F4-6377-45C2-8CFF-A6CBF09E7E1B}"
	ProjectSection(ProjectDependencies) = postProject
		{52151D04-69E3-4DC4-BEC9-F068F0BC990C} = {52151D04-69E3-4DC4-BEC9-F068F0BC990C}
		{5F413F0B-C934-4455-B910-DE24FB76EE23} = {5F413F0B-C934-4455-B910-DE24FB76EE23}
		{D39A6B31-DD54-4817-91E7-AC6374C4EE32} = {D39A6B31-DD54-4817-91E7-AC6374C4EE32}
		{FC7D393A-F4ED-4D78-815F-F8D96627699F} = {FC7D393A-F4ED-4D78-815F-F8D96627699F}
		{841A043F-6046-4222-833A-CB04067172C5} = {841A043F-6046-4222-833A-CB04067172C5}
		{BD11CD47-B754-4E0C-A28B-B07AA3F80C9E} = {BD11CD47-B754-4E0C-A28B-B07AA3F80C9E}
		{CA955F8A-49FF-4DFE-9F61-E9113E993549} = {CA955F8A-49FF-4DFE-9F61-E9113E993549}
		{CA86E49D-2838-4A3F-97AA-D279241733A5} = {CA86E49D-2838-4A3F-97AA-D279241733A5}
		{7A7BCEAF-E8D5-44F3-A22F-1EDF439D917A} = {7A7BCEAF-E8D5-44F3-A22F-1EDF439D917A}
		{268A84B0-2D48-4264-81D3-8BFF7897453C} = {268A84B0-2D48-4264-81D3-8BFF7897453C}
		{FF3D2BC2-A458-4F87-98EE-190294627724} = {FF3D2BC2-A458-4F87-98EE-190294627724}
		{A0AAF6C9-4595-4C84-A871-458FDA36ACFB} = {A0AAF6C9-4595-4C84-A871-458FDA36ACFB}
		{24C54CE7-52D9-4D96-ADE7-85A61F0AA52D} = {24C54CE7-52D9-4D96-ADE7-85A61F0AA52D}
		{6A44D9F4-5734-40AE-BDB4-39A4B0C8BA61} = {6A44D9F4-5734-40AE-BDB4-39A4B0C8BA61}
		{6C7EE9F6-80AD-4187-9177-8FF3B1DB668D} = {6C7EE9F6-80AD-4187-9177-8FF3B1DB668D}
	EndProjectSection
EndProject
Project("{8BC9CEB8-8B4A-11D0-8D11-00A0C91BC942}") = "sky", "sky\sky.vcproj", "{CA86E49D-2838-4A3F-97AA-D279241733A5}"
EndProject
Project("{8BC9CEB8-8B4A-11D0-8D11-00A0C91BC942}") = "sword1", "sword1\sword1.vcproj", "{BD11CD47-B754-4E0C-A28B-B07AA3F80C9E}"
EndProject
Project("{8BC9CEB8-8B4A-11D0-8D11-00A0C91BC942}") = "sword2", "sword2\sword2.vcproj", "{6C7EE9F6-80AD-4187-9177-8FF3B1DB668D}"
EndProject
Project("{8BC9CEB8-8B4A-11D0-8D11-00A0C91BC942}") = "cruise", "cruise\cruise.vcproj", "{52151D04-69E3-4DC4-BEC9-F068F0BC990C}"
EndProject
Project("{8BC9CEB8-8B4A-11D0-8D11-00A0C91BC942}") = "parallaction", "parallaction\parallaction.vcproj", "{D39A6B31-DD54-4817-91E7-AC6374C4EE32}"
EndProject
Project("{8BC9CEB8-8B4A-11D0-8D11-00A0C91BC942}") = "agos", "agos\agos.vcproj", "{24C54CE7-52D9-4D96-ADE7-85A61F0AA52D}"
EndProject
Project("{8BC9CEB8-8B4A-11D0-8D11-00A0C91BC942}") = "touche", "touche\touche.vcproj", "{268A84B0-2D48-4264-81D3-8BFF7897453C}"
EndProject
Project("{8BC9CEB8-8B4A-11D0-8D11-00A0C91BC942}") = "agi", "agi\agi.vcproj", "{CA955F8A-49FF-4DFE-9F61-E9113E993549}"
EndProject
Project("{8BC9CEB8-8B4A-11D0-8D11-00A0C91BC942}") = "cine", "cine\cine.vcproj", "{FC7D393A-F4ED-4D78-815F-F8D96627699F}"
EndProject
Project("{8BC9CEB8-8B4A-11D0-8D11-00A0C91BC942}") = "lure", "lure\lure.vcproj", "{7A7BCEAF-E8D5-44F3-A22F-1EDF439D917A}"
EndProject
Global
	GlobalSection(SolutionConfigurationPlatforms) = preSolution
		Debug|Mixed Platforms = Debug|Mixed Platforms
		Debug|PMP2500 (MIPSII) = Debug|PMP2500 (MIPSII)
		Debug|Pocket PC 2003 (ARMV4) = Debug|Pocket PC 2003 (ARMV4)
		Debug|Smartphone 2003 (ARMV4) = Debug|Smartphone 2003 (ARMV4)
		Debug|STANDARDSDK_500 (MIPSII) = Debug|STANDARDSDK_500 (MIPSII)
		Debug|Win32 = Debug|Win32
		Debug|Windows Mobile 5.0 Pocket PC SDK (ARMV4I) = Debug|Windows Mobile 5.0 Pocket PC SDK (ARMV4I)
		Release|Mixed Platforms = Release|Mixed Platforms
		Release|PMP2500 (MIPSII) = Release|PMP2500 (MIPSII)
		Release|Pocket PC 2003 (ARMV4) = Release|Pocket PC 2003 (ARMV4)
		Release|Smartphone 2003 (ARMV4) = Release|Smartphone 2003 (ARMV4)
		Release|STANDARDSDK_500 (MIPSII) = Release|STANDARDSDK_500 (MIPSII)
		Release|Win32 = Release|Win32
		Release|Windows Mobile 5.0 Pocket PC SDK (ARMV4I) = Release|Windows Mobile 5.0 Pocket PC SDK (ARMV4I)
	EndGlobalSection
	GlobalSection(ProjectConfigurationPlatforms) = postSolution
		{A0AAF6C9-4595-4C84-A871-458FDA36ACFB}.Debug|Mixed Platforms.ActiveCfg = Debug|PMP2500 (MIPSII)
		{A0AAF6C9-4595-4C84-A871-458FDA36ACFB}.Debug|Mixed Platforms.Build.0 = Debug|PMP2500 (MIPSII)
		{A0AAF6C9-4595-4C84-A871-458FDA36ACFB}.Debug|Mixed Platforms.Deploy.0 = Debug|PMP2500 (MIPSII)
		{A0AAF6C9-4595-4C84-A871-458FDA36ACFB}.Debug|PMP2500 (MIPSII).ActiveCfg = Debug|PMP2500 (MIPSII)
		{A0AAF6C9-4595-4C84-A871-458FDA36ACFB}.Debug|PMP2500 (MIPSII).Build.0 = Debug|PMP2500 (MIPSII)
		{A0AAF6C9-4595-4C84-A871-458FDA36ACFB}.Debug|PMP2500 (MIPSII).Deploy.0 = Debug|PMP2500 (MIPSII)
		{A0AAF6C9-4595-4C84-A871-458FDA36ACFB}.Debug|Pocket PC 2003 (ARMV4).ActiveCfg = Debug|Pocket PC 2003 (ARMV4)
		{A0AAF6C9-4595-4C84-A871-458FDA36ACFB}.Debug|Pocket PC 2003 (ARMV4).Build.0 = Debug|Pocket PC 2003 (ARMV4)
		{A0AAF6C9-4595-4C84-A871-458FDA36ACFB}.Debug|Pocket PC 2003 (ARMV4).Deploy.0 = Debug|Pocket PC 2003 (ARMV4)
		{A0AAF6C9-4595-4C84-A871-458FDA36ACFB}.Debug|Smartphone 2003 (ARMV4).ActiveCfg = Debug|Smartphone 2003 (ARMV4)
		{A0AAF6C9-4595-4C84-A871-458FDA36ACFB}.Debug|Smartphone 2003 (ARMV4).Build.0 = Debug|Smartphone 2003 (ARMV4)
		{A0AAF6C9-4595-4C84-A871-458FDA36ACFB}.Debug|Smartphone 2003 (ARMV4).Deploy.0 = Debug|Smartphone 2003 (ARMV4)
		{A0AAF6C9-4595-4C84-A871-458FDA36ACFB}.Debug|STANDARDSDK_500 (MIPSII).ActiveCfg = Debug|STANDARDSDK_500 (MIPSII)
		{A0AAF6C9-4595-4C84-A871-458FDA36ACFB}.Debug|STANDARDSDK_500 (MIPSII).Build.0 = Debug|STANDARDSDK_500 (MIPSII)
		{A0AAF6C9-4595-4C84-A871-458FDA36ACFB}.Debug|STANDARDSDK_500 (MIPSII).Deploy.0 = Debug|STANDARDSDK_500 (MIPSII)
		{A0AAF6C9-4595-4C84-A871-458FDA36ACFB}.Debug|Win32.ActiveCfg = Debug|PMP2500 (MIPSII)
		{A0AAF6C9-4595-4C84-A871-458FDA36ACFB}.Debug|Windows Mobile 5.0 Pocket PC SDK (ARMV4I).ActiveCfg = Debug|PMP2500 (MIPSII)
		{A0AAF6C9-4595-4C84-A871-458FDA36ACFB}.Release|Mixed Platforms.ActiveCfg = Release|PMP2500 (MIPSII)
		{A0AAF6C9-4595-4C84-A871-458FDA36ACFB}.Release|Mixed Platforms.Build.0 = Release|PMP2500 (MIPSII)
		{A0AAF6C9-4595-4C84-A871-458FDA36ACFB}.Release|Mixed Platforms.Deploy.0 = Release|PMP2500 (MIPSII)
		{A0AAF6C9-4595-4C84-A871-458FDA36ACFB}.Release|PMP2500 (MIPSII).ActiveCfg = Release|PMP2500 (MIPSII)
		{A0AAF6C9-4595-4C84-A871-458FDA36ACFB}.Release|PMP2500 (MIPSII).Build.0 = Release|PMP2500 (MIPSII)
		{A0AAF6C9-4595-4C84-A871-458FDA36ACFB}.Release|Pocket PC 2003 (ARMV4).ActiveCfg = Release|Pocket PC 2003 (ARMV4)
		{A0AAF6C9-4595-4C84-A871-458FDA36ACFB}.Release|Pocket PC 2003 (ARMV4).Build.0 = Release|Pocket PC 2003 (ARMV4)
		{A0AAF6C9-4595-4C84-A871-458FDA36ACFB}.Release|Pocket PC 2003 (ARMV4).Deploy.0 = Release|Pocket PC 2003 (ARMV4)
		{A0AAF6C9-4595-4C84-A871-458FDA36ACFB}.Release|Smartphone 2003 (ARMV4).ActiveCfg = Release|Smartphone 2003 (ARMV4)
		{A0AAF6C9-4595-4C84-A871-458FDA36ACFB}.Release|Smartphone 2003 (ARMV4).Build.0 = Release|Smartphone 2003 (ARMV4)
		{A0AAF6C9-4595-4C84-A871-458FDA36ACFB}.Release|Smartphone 2003 (ARMV4).Deploy.0 = Release|Smartphone 2003 (ARMV4)
		{A0AAF6C9-4595-4C84-A871-458FDA36ACFB}.Release|STANDARDSDK_500 (MIPSII).ActiveCfg = Release|STANDARDSDK_500 (MIPSII)
		{A0AAF6C9-4595-4C84-A871-458FDA36ACFB}.Release|STANDARDSDK_500 (MIPSII).Build.0 = Release|STANDARDSDK_500 (MIPSII)
		{A0AAF6C9-4595-4C84-A871-458FDA36ACFB}.Release|STANDARDSDK_500 (MIPSII).Deploy.0 = Release|STANDARDSDK_500 (MIPSII)
		{A0AAF6C9-4595-4C84-A871-458FDA36ACFB}.Release|Win32.ActiveCfg = Release|PMP2500 (MIPSII)
		{A0AAF6C9-4595-4C84-A871-458FDA36ACFB}.Release|Windows Mobile 5.0 Pocket PC SDK (ARMV4I).ActiveCfg = Release|PMP2500 (MIPSII)
		{FF3D2BC2-A458-4F87-98EE-190294627724}.Debug|Mixed Platforms.ActiveCfg = Debug|PMP2500 (MIPSII)
		{FF3D2BC2-A458-4F87-98EE-190294627724}.Debug|Mixed Platforms.Build.0 = Debug|PMP2500 (MIPSII)
		{FF3D2BC2-A458-4F87-98EE-190294627724}.Debug|Mixed Platforms.Deploy.0 = Debug|PMP2500 (MIPSII)
		{FF3D2BC2-A458-4F87-98EE-190294627724}.Debug|PMP2500 (MIPSII).ActiveCfg = Debug|PMP2500 (MIPSII)
		{FF3D2BC2-A458-4F87-98EE-190294627724}.Debug|PMP2500 (MIPSII).Build.0 = Debug|PMP2500 (MIPSII)
		{FF3D2BC2-A458-4F87-98EE-190294627724}.Debug|PMP2500 (MIPSII).Deploy.0 = Debug|PMP2500 (MIPSII)
		{FF3D2BC2-A458-4F87-98EE-190294627724}.Debug|Pocket PC 2003 (ARMV4).ActiveCfg = Debug|Pocket PC 2003 (ARMV4)
		{FF3D2BC2-A458-4F87-98EE-190294627724}.Debug|Pocket PC 2003 (ARMV4).Build.0 = Debug|Pocket PC 2003 (ARMV4)
		{FF3D2BC2-A458-4F87-98EE-190294627724}.Debug|Pocket PC 2003 (ARMV4).Deploy.0 = Debug|Pocket PC 2003 (ARMV4)
		{FF3D2BC2-A458-4F87-98EE-190294627724}.Debug|Smartphone 2003 (ARMV4).ActiveCfg = Debug|Smartphone 2003 (ARMV4)
		{FF3D2BC2-A458-4F87-98EE-190294627724}.Debug|Smartphone 2003 (ARMV4).Build.0 = Debug|Smartphone 2003 (ARMV4)
		{FF3D2BC2-A458-4F87-98EE-190294627724}.Debug|Smartphone 2003 (ARMV4).Deploy.0 = Debug|Smartphone 2003 (ARMV4)
		{FF3D2BC2-A458-4F87-98EE-190294627724}.Debug|STANDARDSDK_500 (MIPSII).ActiveCfg = Debug|STANDARDSDK_500 (MIPSII)
		{FF3D2BC2-A458-4F87-98EE-190294627724}.Debug|STANDARDSDK_500 (MIPSII).Build.0 = Debug|STANDARDSDK_500 (MIPSII)
		{FF3D2BC2-A458-4F87-98EE-190294627724}.Debug|STANDARDSDK_500 (MIPSII).Deploy.0 = Debug|STANDARDSDK_500 (MIPSII)
		{FF3D2BC2-A458-4F87-98EE-190294627724}.Debug|Win32.ActiveCfg = Debug|PMP2500 (MIPSII)
		{FF3D2BC2-A458-4F87-98EE-190294627724}.Debug|Windows Mobile 5.0 Pocket PC SDK (ARMV4I).ActiveCfg = Debug|PMP2500 (MIPSII)
		{FF3D2BC2-A458-4F87-98EE-190294627724}.Release|Mixed Platforms.ActiveCfg = Release|PMP2500 (MIPSII)
		{FF3D2BC2-A458-4F87-98EE-190294627724}.Release|Mixed Platforms.Build.0 = Release|PMP2500 (MIPSII)
		{FF3D2BC2-A458-4F87-98EE-190294627724}.Release|Mixed Platforms.Deploy.0 = Release|PMP2500 (MIPSII)
		{FF3D2BC2-A458-4F87-98EE-190294627724}.Release|PMP2500 (MIPSII).ActiveCfg = Release|PMP2500 (MIPSII)
		{FF3D2BC2-A458-4F87-98EE-190294627724}.Release|PMP2500 (MIPSII).Build.0 = Release|PMP2500 (MIPSII)
		{FF3D2BC2-A458-4F87-98EE-190294627724}.Release|Pocket PC 2003 (ARMV4).ActiveCfg = Release|Pocket PC 2003 (ARMV4)
		{FF3D2BC2-A458-4F87-98EE-190294627724}.Release|Pocket PC 2003 (ARMV4).Build.0 = Release|Pocket PC 2003 (ARMV4)
		{FF3D2BC2-A458-4F87-98EE-190294627724}.Release|Pocket PC 2003 (ARMV4).Deploy.0 = Release|Pocket PC 2003 (ARMV4)
		{FF3D2BC2-A458-4F87-98EE-190294627724}.Release|Smartphone 2003 (ARMV4).ActiveCfg = Release|Smartphone 2003 (ARMV4)
		{FF3D2BC2-A458-4F87-98EE-190294627724}.Release|Smartphone 2003 (ARMV4).Build.0 = Release|Smartphone 2003 (ARMV4)
		{FF3D2BC2-A458-4F87-98EE-190294627724}.Release|Smartphone 2003 (ARMV4).Deploy.0 = Release|Smartphone 2003 (ARMV4)
		{FF3D2BC2-A458-4F87-98EE-190294627724}.Release|STANDARDSDK_500 (MIPSII).ActiveCfg = Release|STANDARDSDK_500 (MIPSII)
		{FF3D2BC2-A458-4F87-98EE-190294627724}.Release|STANDARDSDK_500 (MIPSII).Build.0 = Release|STANDARDSDK_500 (MIPSII)
		{FF3D2BC2-A458-4F87-98EE-190294627724}.Release|STANDARDSDK_500 (MIPSII).Deploy.0 = Release|STANDARDSDK_500 (MIPSII)
		{FF3D2BC2-A458-4F87-98EE-190294627724}.Release|Win32.ActiveCfg = Release|PMP2500 (MIPSII)
		{FF3D2BC2-A458-4F87-98EE-190294627724}.Release|Windows Mobile 5.0 Pocket PC SDK (ARMV4I).ActiveCfg = Release|PMP2500 (MIPSII)
		{6A44D9F4-5734-40AE-BDB4-39A4B0C8BA61}.Debug|Mixed Platforms.ActiveCfg = Debug|PMP2500 (MIPSII)
		{6A44D9F4-5734-40AE-BDB4-39A4B0C8BA61}.Debug|Mixed Platforms.Build.0 = Debug|PMP2500 (MIPSII)
		{6A44D9F4-5734-40AE-BDB4-39A4B0C8BA61}.Debug|Mixed Platforms.Deploy.0 = Debug|PMP2500 (MIPSII)
		{6A44D9F4-5734-40AE-BDB4-39A4B0C8BA61}.Debug|PMP2500 (MIPSII).ActiveCfg = Debug|PMP2500 (MIPSII)
		{6A44D9F4-5734-40AE-BDB4-39A4B0C8BA61}.Debug|PMP2500 (MIPSII).Build.0 = Debug|PMP2500 (MIPSII)
		{6A44D9F4-5734-40AE-BDB4-39A4B0C8BA61}.Debug|PMP2500 (MIPSII).Deploy.0 = Debug|PMP2500 (MIPSII)
		{6A44D9F4-5734-40AE-BDB4-39A4B0C8BA61}.Debug|Pocket PC 2003 (ARMV4).ActiveCfg = Debug|Pocket PC 2003 (ARMV4)
		{6A44D9F4-5734-40AE-BDB4-39A4B0C8BA61}.Debug|Pocket PC 2003 (ARMV4).Build.0 = Debug|Pocket PC 2003 (ARMV4)
		{6A44D9F4-5734-40AE-BDB4-39A4B0C8BA61}.Debug|Pocket PC 2003 (ARMV4).Deploy.0 = Debug|Pocket PC 2003 (ARMV4)
		{6A44D9F4-5734-40AE-BDB4-39A4B0C8BA61}.Debug|Smartphone 2003 (ARMV4).ActiveCfg = Debug|Smartphone 2003 (ARMV4)
		{6A44D9F4-5734-40AE-BDB4-39A4B0C8BA61}.Debug|Smartphone 2003 (ARMV4).Build.0 = Debug|Smartphone 2003 (ARMV4)
		{6A44D9F4-5734-40AE-BDB4-39A4B0C8BA61}.Debug|Smartphone 2003 (ARMV4).Deploy.0 = Debug|Smartphone 2003 (ARMV4)
		{6A44D9F4-5734-40AE-BDB4-39A4B0C8BA61}.Debug|STANDARDSDK_500 (MIPSII).ActiveCfg = Debug|STANDARDSDK_500 (MIPSII)
		{6A44D9F4-5734-40AE-BDB4-39A4B0C8BA61}.Debug|STANDARDSDK_500 (MIPSII).Build.0 = Debug|STANDARDSDK_500 (MIPSII)
		{6A44D9F4-5734-40AE-BDB4-39A4B0C8BA61}.Debug|STANDARDSDK_500 (MIPSII).Deploy.0 = Debug|STANDARDSDK_500 (MIPSII)
		{6A44D9F4-5734-40AE-BDB4-39A4B0C8BA61}.Debug|Win32.ActiveCfg = Debug|PMP2500 (MIPSII)
		{6A44D9F4-5734-40AE-BDB4-39A4B0C8BA61}.Debug|Windows Mobile 5.0 Pocket PC SDK (ARMV4I).ActiveCfg = Debug|PMP2500 (MIPSII)
		{6A44D9F4-5734-40AE-BDB4-39A4B0C8BA61}.Release|Mixed Platforms.ActiveCfg = Release|PMP2500 (MIPSII)
		{6A44D9F4-5734-40AE-BDB4-39A4B0C8BA61}.Release|Mixed Platforms.Build.0 = Release|PMP2500 (MIPSII)
		{6A44D9F4-5734-40AE-BDB4-39A4B0C8BA61}.Release|Mixed Platforms.Deploy.0 = Release|PMP2500 (MIPSII)
		{6A44D9F4-5734-40AE-BDB4-39A4B0C8BA61}.Release|PMP2500 (MIPSII).ActiveCfg = Release|PMP2500 (MIPSII)
		{6A44D9F4-5734-40AE-BDB4-39A4B0C8BA61}.Release|PMP2500 (MIPSII).Build.0 = Release|PMP2500 (MIPSII)
		{6A44D9F4-5734-40AE-BDB4-39A4B0C8BA61}.Release|Pocket PC 2003 (ARMV4).ActiveCfg = Release|Pocket PC 2003 (ARMV4)
		{6A44D9F4-5734-40AE-BDB4-39A4B0C8BA61}.Release|Pocket PC 2003 (ARMV4).Build.0 = Release|Pocket PC 2003 (ARMV4)
		{6A44D9F4-5734-40AE-BDB4-39A4B0C8BA61}.Release|Pocket PC 2003 (ARMV4).Deploy.0 = Release|Pocket PC 2003 (ARMV4)
		{6A44D9F4-5734-40AE-BDB4-39A4B0C8BA61}.Release|Smartphone 2003 (ARMV4).ActiveCfg = Release|Smartphone 2003 (ARMV4)
		{6A44D9F4-5734-40AE-BDB4-39A4B0C8BA61}.Release|Smartphone 2003 (ARMV4).Build.0 = Release|Smartphone 2003 (ARMV4)
		{6A44D9F4-5734-40AE-BDB4-39A4B0C8BA61}.Release|Smartphone 2003 (ARMV4).Deploy.0 = Release|Smartphone 2003 (ARMV4)
		{6A44D9F4-5734-40AE-BDB4-39A4B0C8BA61}.Release|STANDARDSDK_500 (MIPSII).ActiveCfg = Release|STANDARDSDK_500 (MIPSII)
		{6A44D9F4-5734-40AE-BDB4-39A4B0C8BA61}.Release|STANDARDSDK_500 (MIPSII).Build.0 = Release|STANDARDSDK_500 (MIPSII)
		{6A44D9F4-5734-40AE-BDB4-39A4B0C8BA61}.Release|STANDARDSDK_500 (MIPSII).Deploy.0 = Release|STANDARDSDK_500 (MIPSII)
		{6A44D9F4-5734-40AE-BDB4-39A4B0C8BA61}.Release|Win32.ActiveCfg = Release|PMP2500 (MIPSII)
		{6A44D9F4-5734-40AE-BDB4-39A4B0C8BA61}.Release|Windows Mobile 5.0 Pocket PC SDK (ARMV4I).ActiveCfg = Release|PMP2500 (MIPSII)
		{841A043F-6046-4222-833A-CB04067172C5}.Debug|Mixed Platforms.ActiveCfg = Debug|PMP2500 (MIPSII)
		{841A043F-6046-4222-833A-CB04067172C5}.Debug|Mixed Platforms.Build.0 = Debug|PMP2500 (MIPSII)
		{841A043F-6046-4222-833A-CB04067172C5}.Debug|Mixed Platforms.Deploy.0 = Debug|PMP2500 (MIPSII)
		{841A043F-6046-4222-833A-CB04067172C5}.Debug|PMP2500 (MIPSII).ActiveCfg = Debug|PMP2500 (MIPSII)
		{841A043F-6046-4222-833A-CB04067172C5}.Debug|PMP2500 (MIPSII).Build.0 = Debug|PMP2500 (MIPSII)
		{841A043F-6046-4222-833A-CB04067172C5}.Debug|PMP2500 (MIPSII).Deploy.0 = Debug|PMP2500 (MIPSII)
		{841A043F-6046-4222-833A-CB04067172C5}.Debug|Pocket PC 2003 (ARMV4).ActiveCfg = Debug|Pocket PC 2003 (ARMV4)
		{841A043F-6046-4222-833A-CB04067172C5}.Debug|Pocket PC 2003 (ARMV4).Build.0 = Debug|Pocket PC 2003 (ARMV4)
		{841A043F-6046-4222-833A-CB04067172C5}.Debug|Pocket PC 2003 (ARMV4).Deploy.0 = Debug|Pocket PC 2003 (ARMV4)
		{841A043F-6046-4222-833A-CB04067172C5}.Debug|Smartphone 2003 (ARMV4).ActiveCfg = Debug|Smartphone 2003 (ARMV4)
		{841A043F-6046-4222-833A-CB04067172C5}.Debug|Smartphone 2003 (ARMV4).Build.0 = Debug|Smartphone 2003 (ARMV4)
		{841A043F-6046-4222-833A-CB04067172C5}.Debug|Smartphone 2003 (ARMV4).Deploy.0 = Debug|Smartphone 2003 (ARMV4)
		{841A043F-6046-4222-833A-CB04067172C5}.Debug|STANDARDSDK_500 (MIPSII).ActiveCfg = Debug|STANDARDSDK_500 (MIPSII)
		{841A043F-6046-4222-833A-CB04067172C5}.Debug|STANDARDSDK_500 (MIPSII).Build.0 = Debug|STANDARDSDK_500 (MIPSII)
		{841A043F-6046-4222-833A-CB04067172C5}.Debug|STANDARDSDK_500 (MIPSII).Deploy.0 = Debug|STANDARDSDK_500 (MIPSII)
		{841A043F-6046-4222-833A-CB04067172C5}.Debug|Win32.ActiveCfg = Debug|PMP2500 (MIPSII)
		{841A043F-6046-4222-833A-CB04067172C5}.Debug|Windows Mobile 5.0 Pocket PC SDK (ARMV4I).ActiveCfg = Debug|PMP2500 (MIPSII)
		{841A043F-6046-4222-833A-CB04067172C5}.Release|Mixed Platforms.ActiveCfg = Release|PMP2500 (MIPSII)
		{841A043F-6046-4222-833A-CB04067172C5}.Release|Mixed Platforms.Build.0 = Release|PMP2500 (MIPSII)
		{841A043F-6046-4222-833A-CB04067172C5}.Release|Mixed Platforms.Deploy.0 = Release|PMP2500 (MIPSII)
		{841A043F-6046-4222-833A-CB04067172C5}.Release|PMP2500 (MIPSII).ActiveCfg = Release|PMP2500 (MIPSII)
		{841A043F-6046-4222-833A-CB04067172C5}.Release|PMP2500 (MIPSII).Build.0 = Release|PMP2500 (MIPSII)
		{841A043F-6046-4222-833A-CB04067172C5}.Release|Pocket PC 2003 (ARMV4).ActiveCfg = Release|Pocket PC 2003 (ARMV4)
		{841A043F-6046-4222-833A-CB04067172C5}.Release|Pocket PC 2003 (ARMV4).Build.0 = Release|Pocket PC 2003 (ARMV4)
		{841A043F-6046-4222-833A-CB04067172C5}.Release|Pocket PC 2003 (ARMV4).Deploy.0 = Release|Pocket PC 2003 (ARMV4)
		{841A043F-6046-4222-833A-CB04067172C5}.Release|Smartphone 2003 (ARMV4).ActiveCfg = Release|Smartphone 2003 (ARMV4)
		{841A043F-6046-4222-833A-CB04067172C5}.Release|Smartphone 2003 (ARMV4).Build.0 = Release|Smartphone 2003 (ARMV4)
		{841A043F-6046-4222-833A-CB04067172C5}.Release|Smartphone 2003 (ARMV4).Deploy.0 = Release|Smartphone 2003 (ARMV4)
		{841A043F-6046-4222-833A-CB04067172C5}.Release|STANDARDSDK_500 (MIPSII).ActiveCfg = Release|STANDARDSDK_500 (MIPSII)
		{841A043F-6046-4222-833A-CB04067172C5}.Release|STANDARDSDK_500 (MIPSII).Build.0 = Release|STANDARDSDK_500 (MIPSII)
		{841A043F-6046-4222-833A-CB04067172C5}.Release|STANDARDSDK_500 (MIPSII).Deploy.0 = Release|STANDARDSDK_500 (MIPSII)
		{841A043F-6046-4222-833A-CB04067172C5}.Release|Win32.ActiveCfg = Release|PMP2500 (MIPSII)
		{841A043F-6046-4222-833A-CB04067172C5}.Release|Windows Mobile 5.0 Pocket PC SDK (ARMV4I).ActiveCfg = Release|PMP2500 (MIPSII)
		{5F413F0B-C934-4455-B910-DE24FB76EE23}.Debug|Mixed Platforms.ActiveCfg = Debug|PMP2500 (MIPSII)
		{5F413F0B-C934-4455-B910-DE24FB76EE23}.Debug|Mixed Platforms.Build.0 = Debug|PMP2500 (MIPSII)
		{5F413F0B-C934-4455-B910-DE24FB76EE23}.Debug|Mixed Platforms.Deploy.0 = Debug|PMP2500 (MIPSII)
		{5F413F0B-C934-4455-B910-DE24FB76EE23}.Debug|PMP2500 (MIPSII).ActiveCfg = Debug|PMP2500 (MIPSII)
		{5F413F0B-C934-4455-B910-DE24FB76EE23}.Debug|PMP2500 (MIPSII).Build.0 = Debug|PMP2500 (MIPSII)
		{5F413F0B-C934-4455-B910-DE24FB76EE23}.Debug|PMP2500 (MIPSII).Deploy.0 = Debug|PMP2500 (MIPSII)
		{5F413F0B-C934-4455-B910-DE24FB76EE23}.Debug|Pocket PC 2003 (ARMV4).ActiveCfg = Debug|Pocket PC 2003 (ARMV4)
		{5F413F0B-C934-4455-B910-DE24FB76EE23}.Debug|Pocket PC 2003 (ARMV4).Build.0 = Debug|Pocket PC 2003 (ARMV4)
		{5F413F0B-C934-4455-B910-DE24FB76EE23}.Debug|Pocket PC 2003 (ARMV4).Deploy.0 = Debug|Pocket PC 2003 (ARMV4)
		{5F413F0B-C934-4455-B910-DE24FB76EE23}.Debug|Smartphone 2003 (ARMV4).ActiveCfg = Debug|Smartphone 2003 (ARMV4)
		{5F413F0B-C934-4455-B910-DE24FB76EE23}.Debug|Smartphone 2003 (ARMV4).Build.0 = Debug|Smartphone 2003 (ARMV4)
		{5F413F0B-C934-4455-B910-DE24FB76EE23}.Debug|Smartphone 2003 (ARMV4).Deploy.0 = Debug|Smartphone 2003 (ARMV4)
		{5F413F0B-C934-4455-B910-DE24FB76EE23}.Debug|STANDARDSDK_500 (MIPSII).ActiveCfg = Debug|STANDARDSDK_500 (MIPSII)
		{5F413F0B-C934-4455-B910-DE24FB76EE23}.Debug|STANDARDSDK_500 (MIPSII).Build.0 = Debug|STANDARDSDK_500 (MIPSII)
		{5F413F0B-C934-4455-B910-DE24FB76EE23}.Debug|STANDARDSDK_500 (MIPSII).Deploy.0 = Debug|STANDARDSDK_500 (MIPSII)
		{5F413F0B-C934-4455-B910-DE24FB76EE23}.Debug|Win32.ActiveCfg = Debug|PMP2500 (MIPSII)
		{5F413F0B-C934-4455-B910-DE24FB76EE23}.Debug|Windows Mobile 5.0 Pocket PC SDK (ARMV4I).ActiveCfg = Debug|PMP2500 (MIPSII)
		{5F413F0B-C934-4455-B910-DE24FB76EE23}.Release|Mixed Platforms.ActiveCfg = Release|PMP2500 (MIPSII)
		{5F413F0B-C934-4455-B910-DE24FB76EE23}.Release|Mixed Platforms.Build.0 = Release|PMP2500 (MIPSII)
		{5F413F0B-C934-4455-B910-DE24FB76EE23}.Release|Mixed Platforms.Deploy.0 = Release|PMP2500 (MIPSII)
		{5F413F0B-C934-4455-B910-DE24FB76EE23}.Release|PMP2500 (MIPSII).ActiveCfg = Release|PMP2500 (MIPSII)
		{5F413F0B-C934-4455-B910-DE24FB76EE23}.Release|PMP2500 (MIPSII).Build.0 = Release|PMP2500 (MIPSII)
		{5F413F0B-C934-4455-B910-DE24FB76EE23}.Release|Pocket PC 2003 (ARMV4).ActiveCfg = Release|Pocket PC 2003 (ARMV4)
		{5F413F0B-C934-4455-B910-DE24FB76EE23}.Release|Pocket PC 2003 (ARMV4).Build.0 = Release|Pocket PC 2003 (ARMV4)
		{5F413F0B-C934-4455-B910-DE24FB76EE23}.Release|Pocket PC 2003 (ARMV4).Deploy.0 = Release|Pocket PC 2003 (ARMV4)
		{5F413F0B-C934-4455-B910-DE24FB76EE23}.Release|Smartphone 2003 (ARMV4).ActiveCfg = Release|Smartphone 2003 (ARMV4)
		{5F413F0B-C934-4455-B910-DE24FB76EE23}.Release|Smartphone 2003 (ARMV4).Build.0 = Release|Smartphone 2003 (ARMV4)
		{5F413F0B-C934-4455-B910-DE24FB76EE23}.Release|Smartphone 2003 (ARMV4).Deploy.0 = Release|Smartphone 2003 (ARMV4)
		{5F413F0B-C934-4455-B910-DE24FB76EE23}.Release|STANDARDSDK_500 (MIPSII).ActiveCfg = Release|STANDARDSDK_500 (MIPSII)
		{5F413F0B-C934-4455-B910-DE24FB76EE23}.Release|STANDARDSDK_500 (MIPSII).Build.0 = Release|STANDARDSDK_500 (MIPSII)
		{5F413F0B-C934-4455-B910-DE24FB76EE23}.Release|STANDARDSDK_500 (MIPSII).Deploy.0 = Release|STANDARDSDK_500 (MIPSII)
		{5F413F0B-C934-4455-B910-DE24FB76EE23}.Release|Win32.ActiveCfg = Release|PMP2500 (MIPSII)
		{5F413F0B-C934-4455-B910-DE24FB76EE23}.Release|Windows Mobile 5.0 Pocket PC SDK (ARMV4I).ActiveCfg = Release|PMP2500 (MIPSII)
		{B1C096F4-6377-45C2-8CFF-A6CBF09E7E1B}.Debug|Mixed Platforms.ActiveCfg = Debug|PMP2500 (MIPSII)
		{B1C096F4-6377-45C2-8CFF-A6CBF09E7E1B}.Debug|Mixed Platforms.Build.0 = Debug|PMP2500 (MIPSII)
		{B1C096F4-6377-45C2-8CFF-A6CBF09E7E1B}.Debug|Mixed Platforms.Deploy.0 = Debug|PMP2500 (MIPSII)
		{B1C096F4-6377-45C2-8CFF-A6CBF09E7E1B}.Debug|PMP2500 (MIPSII).ActiveCfg = Debug|PMP2500 (MIPSII)
		{B1C096F4-6377-45C2-8CFF-A6CBF09E7E1B}.Debug|PMP2500 (MIPSII).Build.0 = Debug|PMP2500 (MIPSII)
		{B1C096F4-6377-45C2-8CFF-A6CBF09E7E1B}.Debug|PMP2500 (MIPSII).Deploy.0 = Debug|PMP2500 (MIPSII)
		{B1C096F4-6377-45C2-8CFF-A6CBF09E7E1B}.Debug|Pocket PC 2003 (ARMV4).ActiveCfg = Debug|Pocket PC 2003 (ARMV4)
		{B1C096F4-6377-45C2-8CFF-A6CBF09E7E1B}.Debug|Pocket PC 2003 (ARMV4).Build.0 = Debug|Pocket PC 2003 (ARMV4)
		{B1C096F4-6377-45C2-8CFF-A6CBF09E7E1B}.Debug|Pocket PC 2003 (ARMV4).Deploy.0 = Debug|Pocket PC 2003 (ARMV4)
		{B1C096F4-6377-45C2-8CFF-A6CBF09E7E1B}.Debug|Smartphone 2003 (ARMV4).ActiveCfg = Debug|Smartphone 2003 (ARMV4)
		{B1C096F4-6377-45C2-8CFF-A6CBF09E7E1B}.Debug|Smartphone 2003 (ARMV4).Build.0 = Debug|Smartphone 2003 (ARMV4)
		{B1C096F4-6377-45C2-8CFF-A6CBF09E7E1B}.Debug|Smartphone 2003 (ARMV4).Deploy.0 = Debug|Smartphone 2003 (ARMV4)
		{B1C096F4-6377-45C2-8CFF-A6CBF09E7E1B}.Debug|STANDARDSDK_500 (MIPSII).ActiveCfg = Debug|STANDARDSDK_500 (MIPSII)
		{B1C096F4-6377-45C2-8CFF-A6CBF09E7E1B}.Debug|STANDARDSDK_500 (MIPSII).Build.0 = Debug|STANDARDSDK_500 (MIPSII)
		{B1C096F4-6377-45C2-8CFF-A6CBF09E7E1B}.Debug|STANDARDSDK_500 (MIPSII).Deploy.0 = Debug|STANDARDSDK_500 (MIPSII)
		{B1C096F4-6377-45C2-8CFF-A6CBF09E7E1B}.Debug|Win32.ActiveCfg = Debug|PMP2500 (MIPSII)
		{B1C096F4-6377-45C2-8CFF-A6CBF09E7E1B}.Debug|Windows Mobile 5.0 Pocket PC SDK (ARMV4I).ActiveCfg = Debug|PMP2500 (MIPSII)
		{B1C096F4-6377-45C2-8CFF-A6CBF09E7E1B}.Release|Mixed Platforms.ActiveCfg = Release|PMP2500 (MIPSII)
		{B1C096F4-6377-45C2-8CFF-A6CBF09E7E1B}.Release|Mixed Platforms.Build.0 = Release|PMP2500 (MIPSII)
		{B1C096F4-6377-45C2-8CFF-A6CBF09E7E1B}.Release|Mixed Platforms.Deploy.0 = Release|PMP2500 (MIPSII)
		{B1C096F4-6377-45C2-8CFF-A6CBF09E7E1B}.Release|PMP2500 (MIPSII).ActiveCfg = Release|PMP2500 (MIPSII)
		{B1C096F4-6377-45C2-8CFF-A6CBF09E7E1B}.Release|PMP2500 (MIPSII).Build.0 = Release|PMP2500 (MIPSII)
		{B1C096F4-6377-45C2-8CFF-A6CBF09E7E1B}.Release|PMP2500 (MIPSII).Deploy.0 = Release|PMP2500 (MIPSII)
		{B1C096F4-6377-45C2-8CFF-A6CBF09E7E1B}.Release|Pocket PC 2003 (ARMV4).ActiveCfg = Release|Pocket PC 2003 (ARMV4)
		{B1C096F4-6377-45C2-8CFF-A6CBF09E7E1B}.Release|Pocket PC 2003 (ARMV4).Build.0 = Release|Pocket PC 2003 (ARMV4)
		{B1C096F4-6377-45C2-8CFF-A6CBF09E7E1B}.Release|Pocket PC 2003 (ARMV4).Deploy.0 = Release|Pocket PC 2003 (ARMV4)
		{B1C096F4-6377-45C2-8CFF-A6CBF09E7E1B}.Release|Smartphone 2003 (ARMV4).ActiveCfg = Release|Smartphone 2003 (ARMV4)
		{B1C096F4-6377-45C2-8CFF-A6CBF09E7E1B}.Release|Smartphone 2003 (ARMV4).Build.0 = Release|Smartphone 2003 (ARMV4)
		{B1C096F4-6377-45C2-8CFF-A6CBF09E7E1B}.Release|Smartphone 2003 (ARMV4).Deploy.0 = Release|Smartphone 2003 (ARMV4)
		{B1C096F4-6377-45C2-8CFF-A6CBF09E7E1B}.Release|STANDARDSDK_500 (MIPSII).ActiveCfg = Release|STANDARDSDK_500 (MIPSII)
		{B1C096F4-6377-45C2-8CFF-A6CBF09E7E1B}.Release|STANDARDSDK_500 (MIPSII).Build.0 = Release|STANDARDSDK_500 (MIPSII)
		{B1C096F4-6377-45C2-8CFF-A6CBF09E7E1B}.Release|STANDARDSDK_500 (MIPSII).Deploy.0 = Release|STANDARDSDK_500 (MIPSII)
		{B1C096F4-6377-45C2-8CFF-A6CBF09E7E1B}.Release|Win32.ActiveCfg = Release|PMP2500 (MIPSII)
		{B1C096F4-6377-45C2-8CFF-A6CBF09E7E1B}.Release|Windows Mobile 5.0 Pocket PC SDK (ARMV4I).ActiveCfg = Release|PMP2500 (MIPSII)
		{CA86E49D-2838-4A3F-97AA-D279241733A5}.Debug|Mixed Platforms.ActiveCfg = Debug|PMP2500 (MIPSII)
		{CA86E49D-2838-4A3F-97AA-D279241733A5}.Debug|Mixed Platforms.Build.0 = Debug|PMP2500 (MIPSII)
		{CA86E49D-2838-4A3F-97AA-D279241733A5}.Debug|Mixed Platforms.Deploy.0 = Debug|PMP2500 (MIPSII)
		{CA86E49D-2838-4A3F-97AA-D279241733A5}.Debug|PMP2500 (MIPSII).ActiveCfg = Debug|PMP2500 (MIPSII)
		{CA86E49D-2838-4A3F-97AA-D279241733A5}.Debug|PMP2500 (MIPSII).Build.0 = Debug|PMP2500 (MIPSII)
		{CA86E49D-2838-4A3F-97AA-D279241733A5}.Debug|PMP2500 (MIPSII).Deploy.0 = Debug|PMP2500 (MIPSII)
		{CA86E49D-2838-4A3F-97AA-D279241733A5}.Debug|Pocket PC 2003 (ARMV4).ActiveCfg = Debug|Pocket PC 2003 (ARMV4)
		{CA86E49D-2838-4A3F-97AA-D279241733A5}.Debug|Pocket PC 2003 (ARMV4).Build.0 = Debug|Pocket PC 2003 (ARMV4)
		{CA86E49D-2838-4A3F-97AA-D279241733A5}.Debug|Pocket PC 2003 (ARMV4).Deploy.0 = Debug|Pocket PC 2003 (ARMV4)
		{CA86E49D-2838-4A3F-97AA-D279241733A5}.Debug|Smartphone 2003 (ARMV4).ActiveCfg = Debug|Smartphone 2003 (ARMV4)
		{CA86E49D-2838-4A3F-97AA-D279241733A5}.Debug|Smartphone 2003 (ARMV4).Build.0 = Debug|Smartphone 2003 (ARMV4)
		{CA86E49D-2838-4A3F-97AA-D279241733A5}.Debug|Smartphone 2003 (ARMV4).Deploy.0 = Debug|Smartphone 2003 (ARMV4)
		{CA86E49D-2838-4A3F-97AA-D279241733A5}.Debug|STANDARDSDK_500 (MIPSII).ActiveCfg = Debug|STANDARDSDK_500 (MIPSII)
		{CA86E49D-2838-4A3F-97AA-D279241733A5}.Debug|STANDARDSDK_500 (MIPSII).Build.0 = Debug|STANDARDSDK_500 (MIPSII)
		{CA86E49D-2838-4A3F-97AA-D279241733A5}.Debug|STANDARDSDK_500 (MIPSII).Deploy.0 = Debug|STANDARDSDK_500 (MIPSII)
		{CA86E49D-2838-4A3F-97AA-D279241733A5}.Debug|Win32.ActiveCfg = Debug|PMP2500 (MIPSII)
		{CA86E49D-2838-4A3F-97AA-D279241733A5}.Debug|Windows Mobile 5.0 Pocket PC SDK (ARMV4I).ActiveCfg = Debug|PMP2500 (MIPSII)
		{CA86E49D-2838-4A3F-97AA-D279241733A5}.Release|Mixed Platforms.ActiveCfg = Release|PMP2500 (MIPSII)
		{CA86E49D-2838-4A3F-97AA-D279241733A5}.Release|Mixed Platforms.Build.0 = Release|PMP2500 (MIPSII)
		{CA86E49D-2838-4A3F-97AA-D279241733A5}.Release|Mixed Platforms.Deploy.0 = Release|PMP2500 (MIPSII)
		{CA86E49D-2838-4A3F-97AA-D279241733A5}.Release|PMP2500 (MIPSII).ActiveCfg = Release|PMP2500 (MIPSII)
		{CA86E49D-2838-4A3F-97AA-D279241733A5}.Release|PMP2500 (MIPSII).Build.0 = Release|PMP2500 (MIPSII)
		{CA86E49D-2838-4A3F-97AA-D279241733A5}.Release|Pocket PC 2003 (ARMV4).ActiveCfg = Release|Pocket PC 2003 (ARMV4)
		{CA86E49D-2838-4A3F-97AA-D279241733A5}.Release|Pocket PC 2003 (ARMV4).Build.0 = Release|Pocket PC 2003 (ARMV4)
		{CA86E49D-2838-4A3F-97AA-D279241733A5}.Release|Pocket PC 2003 (ARMV4).Deploy.0 = Release|Pocket PC 2003 (ARMV4)
		{CA86E49D-2838-4A3F-97AA-D279241733A5}.Release|Smartphone 2003 (ARMV4).ActiveCfg = Release|Smartphone 2003 (ARMV4)
		{CA86E49D-2838-4A3F-97AA-D279241733A5}.Release|Smartphone 2003 (ARMV4).Build.0 = Release|Smartphone 2003 (ARMV4)
		{CA86E49D-2838-4A3F-97AA-D279241733A5}.Release|Smartphone 2003 (ARMV4).Deploy.0 = Release|Smartphone 2003 (ARMV4)
		{CA86E49D-2838-4A3F-97AA-D279241733A5}.Release|STANDARDSDK_500 (MIPSII).ActiveCfg = Release|STANDARDSDK_500 (MIPSII)
		{CA86E49D-2838-4A3F-97AA-D279241733A5}.Release|STANDARDSDK_500 (MIPSII).Build.0 = Release|STANDARDSDK_500 (MIPSII)
		{CA86E49D-2838-4A3F-97AA-D279241733A5}.Release|STANDARDSDK_500 (MIPSII).Deploy.0 = Release|STANDARDSDK_500 (MIPSII)
		{CA86E49D-2838-4A3F-97AA-D279241733A5}.Release|Win32.ActiveCfg = Release|PMP2500 (MIPSII)
		{CA86E49D-2838-4A3F-97AA-D279241733A5}.Release|Windows Mobile 5.0 Pocket PC SDK (ARMV4I).ActiveCfg = Release|PMP2500 (MIPSII)
		{BD11CD47-B754-4E0C-A28B-B07AA3F80C9E}.Debug|Mixed Platforms.ActiveCfg = Debug|PMP2500 (MIPSII)
		{BD11CD47-B754-4E0C-A28B-B07AA3F80C9E}.Debug|Mixed Platforms.Build.0 = Debug|PMP2500 (MIPSII)
		{BD11CD47-B754-4E0C-A28B-B07AA3F80C9E}.Debug|Mixed Platforms.Deploy.0 = Debug|PMP2500 (MIPSII)
		{BD11CD47-B754-4E0C-A28B-B07AA3F80C9E}.Debug|PMP2500 (MIPSII).ActiveCfg = Debug|PMP2500 (MIPSII)
		{BD11CD47-B754-4E0C-A28B-B07AA3F80C9E}.Debug|PMP2500 (MIPSII).Build.0 = Debug|PMP2500 (MIPSII)
		{BD11CD47-B754-4E0C-A28B-B07AA3F80C9E}.Debug|PMP2500 (MIPSII).Deploy.0 = Debug|PMP2500 (MIPSII)
		{BD11CD47-B754-4E0C-A28B-B07AA3F80C9E}.Debug|Pocket PC 2003 (ARMV4).ActiveCfg = Debug|Pocket PC 2003 (ARMV4)
		{BD11CD47-B754-4E0C-A28B-B07AA3F80C9E}.Debug|Pocket PC 2003 (ARMV4).Build.0 = Debug|Pocket PC 2003 (ARMV4)
		{BD11CD47-B754-4E0C-A28B-B07AA3F80C9E}.Debug|Pocket PC 2003 (ARMV4).Deploy.0 = Debug|Pocket PC 2003 (ARMV4)
		{BD11CD47-B754-4E0C-A28B-B07AA3F80C9E}.Debug|Smartphone 2003 (ARMV4).ActiveCfg = Debug|Smartphone 2003 (ARMV4)
		{BD11CD47-B754-4E0C-A28B-B07AA3F80C9E}.Debug|Smartphone 2003 (ARMV4).Build.0 = Debug|Smartphone 2003 (ARMV4)
		{BD11CD47-B754-4E0C-A28B-B07AA3F80C9E}.Debug|Smartphone 2003 (ARMV4).Deploy.0 = Debug|Smartphone 2003 (ARMV4)
		{BD11CD47-B754-4E0C-A28B-B07AA3F80C9E}.Debug|STANDARDSDK_500 (MIPSII).ActiveCfg = Debug|STANDARDSDK_500 (MIPSII)
		{BD11CD47-B754-4E0C-A28B-B07AA3F80C9E}.Debug|STANDARDSDK_500 (MIPSII).Build.0 = Debug|STANDARDSDK_500 (MIPSII)
		{BD11CD47-B754-4E0C-A28B-B07AA3F80C9E}.Debug|STANDARDSDK_500 (MIPSII).Deploy.0 = Debug|STANDARDSDK_500 (MIPSII)
		{BD11CD47-B754-4E0C-A28B-B07AA3F80C9E}.Debug|Win32.ActiveCfg = Debug|PMP2500 (MIPSII)
		{BD11CD47-B754-4E0C-A28B-B07AA3F80C9E}.Debug|Windows Mobile 5.0 Pocket PC SDK (ARMV4I).ActiveCfg = Debug|PMP2500 (MIPSII)
		{BD11CD47-B754-4E0C-A28B-B07AA3F80C9E}.Release|Mixed Platforms.ActiveCfg = Release|PMP2500 (MIPSII)
		{BD11CD47-B754-4E0C-A28B-B07AA3F80C9E}.Release|Mixed Platforms.Build.0 = Release|PMP2500 (MIPSII)
		{BD11CD47-B754-4E0C-A28B-B07AA3F80C9E}.Release|Mixed Platforms.Deploy.0 = Release|PMP2500 (MIPSII)
		{BD11CD47-B754-4E0C-A28B-B07AA3F80C9E}.Release|PMP2500 (MIPSII).ActiveCfg = Release|PMP2500 (MIPSII)
		{BD11CD47-B754-4E0C-A28B-B07AA3F80C9E}.Release|PMP2500 (MIPSII).Build.0 = Release|PMP2500 (MIPSII)
		{BD11CD47-B754-4E0C-A28B-B07AA3F80C9E}.Release|Pocket PC 2003 (ARMV4).ActiveCfg = Release|Pocket PC 2003 (ARMV4)
		{BD11CD47-B754-4E0C-A28B-B07AA3F80C9E}.Release|Pocket PC 2003 (ARMV4).Build.0 = Release|Pocket PC 2003 (ARMV4)
		{BD11CD47-B754-4E0C-A28B-B07AA3F80C9E}.Release|Pocket PC 2003 (ARMV4).Deploy.0 = Release|Pocket PC 2003 (ARMV4)
		{BD11CD47-B754-4E0C-A28B-B07AA3F80C9E}.Release|Smartphone 2003 (ARMV4).ActiveCfg = Release|Smartphone 2003 (ARMV4)
		{BD11CD47-B754-4E0C-A28B-B07AA3F80C9E}.Release|Smartphone 2003 (ARMV4).Build.0 = Release|Smartphone 2003 (ARMV4)
		{BD11CD47-B754-4E0C-A28B-B07AA3F80C9E}.Release|Smartphone 2003 (ARMV4).Deploy.0 = Release|Smartphone 2003 (ARMV4)
		{BD11CD47-B754-4E0C-A28B-B07AA3F80C9E}.Release|STANDARDSDK_500 (MIPSII).ActiveCfg = Release|STANDARDSDK_500 (MIPSII)
		{BD11CD47-B754-4E0C-A28B-B07AA3F80C9E}.Release|STANDARDSDK_500 (MIPSII).Build.0 = Release|STANDARDSDK_500 (MIPSII)
		{BD11CD47-B754-4E0C-A28B-B07AA3F80C9E}.Release|STANDARDSDK_500 (MIPSII).Deploy.0 = Release|STANDARDSDK_500 (MIPSII)
		{BD11CD47-B754-4E0C-A28B-B07AA3F80C9E}.Release|Win32.ActiveCfg = Release|PMP2500 (MIPSII)
		{BD11CD47-B754-4E0C-A28B-B07AA3F80C9E}.Release|Windows Mobile 5.0 Pocket PC SDK (ARMV4I).ActiveCfg = Release|PMP2500 (MIPSII)
		{6C7EE9F6-80AD-4187-9177-8FF3B1DB668D}.Debug|Mixed Platforms.ActiveCfg = Debug|PMP2500 (MIPSII)
		{6C7EE9F6-80AD-4187-9177-8FF3B1DB668D}.Debug|Mixed Platforms.Build.0 = Debug|PMP2500 (MIPSII)
		{6C7EE9F6-80AD-4187-9177-8FF3B1DB668D}.Debug|Mixed Platforms.Deploy.0 = Debug|PMP2500 (MIPSII)
		{6C7EE9F6-80AD-4187-9177-8FF3B1DB668D}.Debug|PMP2500 (MIPSII).ActiveCfg = Debug|PMP2500 (MIPSII)
		{6C7EE9F6-80AD-4187-9177-8FF3B1DB668D}.Debug|PMP2500 (MIPSII).Build.0 = Debug|PMP2500 (MIPSII)
		{6C7EE9F6-80AD-4187-9177-8FF3B1DB668D}.Debug|PMP2500 (MIPSII).Deploy.0 = Debug|PMP2500 (MIPSII)
		{6C7EE9F6-80AD-4187-9177-8FF3B1DB668D}.Debug|Pocket PC 2003 (ARMV4).ActiveCfg = Debug|Pocket PC 2003 (ARMV4)
		{6C7EE9F6-80AD-4187-9177-8FF3B1DB668D}.Debug|Pocket PC 2003 (ARMV4).Build.0 = Debug|Pocket PC 2003 (ARMV4)
		{6C7EE9F6-80AD-4187-9177-8FF3B1DB668D}.Debug|Pocket PC 2003 (ARMV4).Deploy.0 = Debug|Pocket PC 2003 (ARMV4)
		{6C7EE9F6-80AD-4187-9177-8FF3B1DB668D}.Debug|Smartphone 2003 (ARMV4).ActiveCfg = Debug|Smartphone 2003 (ARMV4)
		{6C7EE9F6-80AD-4187-9177-8FF3B1DB668D}.Debug|Smartphone 2003 (ARMV4).Build.0 = Debug|Smartphone 2003 (ARMV4)
		{6C7EE9F6-80AD-4187-9177-8FF3B1DB668D}.Debug|Smartphone 2003 (ARMV4).Deploy.0 = Debug|Smartphone 2003 (ARMV4)
		{6C7EE9F6-80AD-4187-9177-8FF3B1DB668D}.Debug|STANDARDSDK_500 (MIPSII).ActiveCfg = Debug|STANDARDSDK_500 (MIPSII)
		{6C7EE9F6-80AD-4187-9177-8FF3B1DB668D}.Debug|STANDARDSDK_500 (MIPSII).Build.0 = Debug|STANDARDSDK_500 (MIPSII)
		{6C7EE9F6-80AD-4187-9177-8FF3B1DB668D}.Debug|STANDARDSDK_500 (MIPSII).Deploy.0 = Debug|STANDARDSDK_500 (MIPSII)
		{6C7EE9F6-80AD-4187-9177-8FF3B1DB668D}.Debug|Win32.ActiveCfg = Debug|PMP2500 (MIPSII)
		{6C7EE9F6-80AD-4187-9177-8FF3B1DB668D}.Debug|Windows Mobile 5.0 Pocket PC SDK (ARMV4I).ActiveCfg = Debug|PMP2500 (MIPSII)
		{6C7EE9F6-80AD-4187-9177-8FF3B1DB668D}.Release|Mixed Platforms.ActiveCfg = Release|PMP2500 (MIPSII)
		{6C7EE9F6-80AD-4187-9177-8FF3B1DB668D}.Release|Mixed Platforms.Build.0 = Release|PMP2500 (MIPSII)
		{6C7EE9F6-80AD-4187-9177-8FF3B1DB668D}.Release|Mixed Platforms.Deploy.0 = Release|PMP2500 (MIPSII)
		{6C7EE9F6-80AD-4187-9177-8FF3B1DB668D}.Release|PMP2500 (MIPSII).ActiveCfg = Release|PMP2500 (MIPSII)
		{6C7EE9F6-80AD-4187-9177-8FF3B1DB668D}.Release|PMP2500 (MIPSII).Build.0 = Release|PMP2500 (MIPSII)
		{6C7EE9F6-80AD-4187-9177-8FF3B1DB668D}.Release|Pocket PC 2003 (ARMV4).ActiveCfg = Release|Pocket PC 2003 (ARMV4)
		{6C7EE9F6-80AD-4187-9177-8FF3B1DB668D}.Release|Pocket PC 2003 (ARMV4).Build.0 = Release|Pocket PC 2003 (ARMV4)
		{6C7EE9F6-80AD-4187-9177-8FF3B1DB668D}.Release|Pocket PC 2003 (ARMV4).Deploy.0 = Release|Pocket PC 2003 (ARMV4)
		{6C7EE9F6-80AD-4187-9177-8FF3B1DB668D}.Release|Smartphone 2003 (ARMV4).ActiveCfg = Release|Smartphone 2003 (ARMV4)
		{6C7EE9F6-80AD-4187-9177-8FF3B1DB668D}.Release|Smartphone 2003 (ARMV4).Build.0 = Release|Smartphone 2003 (ARMV4)
		{6C7EE9F6-80AD-4187-9177-8FF3B1DB668D}.Release|Smartphone 2003 (ARMV4).Deploy.0 = Release|Smartphone 2003 (ARMV4)
		{6C7EE9F6-80AD-4187-9177-8FF3B1DB668D}.Release|STANDARDSDK_500 (MIPSII).ActiveCfg = Release|STANDARDSDK_500 (MIPSII)
		{6C7EE9F6-80AD-4187-9177-8FF3B1DB668D}.Release|STANDARDSDK_500 (MIPSII).Build.0 = Release|STANDARDSDK_500 (MIPSII)
		{6C7EE9F6-80AD-4187-9177-8FF3B1DB668D}.Release|STANDARDSDK_500 (MIPSII).Deploy.0 = Release|STANDARDSDK_500 (MIPSII)
		{6C7EE9F6-80AD-4187-9177-8FF3B1DB668D}.Release|Win32.ActiveCfg = Release|PMP2500 (MIPSII)
		{6C7EE9F6-80AD-4187-9177-8FF3B1DB668D}.Release|Windows Mobile 5.0 Pocket PC SDK (ARMV4I).ActiveCfg = Release|PMP2500 (MIPSII)
		{52151D04-69E3-4DC4-BEC9-F068F0BC990C}.Debug|Mixed Platforms.ActiveCfg = Debug|PMP2500 (MIPSII)
		{52151D04-69E3-4DC4-BEC9-F068F0BC990C}.Debug|Mixed Platforms.Build.0 = Debug|PMP2500 (MIPSII)
		{52151D04-69E3-4DC4-BEC9-F068F0BC990C}.Debug|Mixed Platforms.Deploy.0 = Debug|PMP2500 (MIPSII)
		{52151D04-69E3-4DC4-BEC9-F068F0BC990C}.Debug|PMP2500 (MIPSII).ActiveCfg = Debug|PMP2500 (MIPSII)
		{52151D04-69E3-4DC4-BEC9-F068F0BC990C}.Debug|PMP2500 (MIPSII).Build.0 = Debug|PMP2500 (MIPSII)
		{52151D04-69E3-4DC4-BEC9-F068F0BC990C}.Debug|PMP2500 (MIPSII).Deploy.0 = Debug|PMP2500 (MIPSII)
		{52151D04-69E3-4DC4-BEC9-F068F0BC990C}.Debug|Pocket PC 2003 (ARMV4).ActiveCfg = Debug|PMP2500 (MIPSII)
		{52151D04-69E3-4DC4-BEC9-F068F0BC990C}.Debug|Smartphone 2003 (ARMV4).ActiveCfg = Debug|PMP2500 (MIPSII)
		{52151D04-69E3-4DC4-BEC9-F068F0BC990C}.Debug|STANDARDSDK_500 (MIPSII).ActiveCfg = Debug|STANDARDSDK_500 (MIPSII)
		{52151D04-69E3-4DC4-BEC9-F068F0BC990C}.Debug|STANDARDSDK_500 (MIPSII).Build.0 = Debug|STANDARDSDK_500 (MIPSII)
		{52151D04-69E3-4DC4-BEC9-F068F0BC990C}.Debug|STANDARDSDK_500 (MIPSII).Deploy.0 = Debug|STANDARDSDK_500 (MIPSII)
		{52151D04-69E3-4DC4-BEC9-F068F0BC990C}.Debug|Win32.ActiveCfg = Debug|PMP2500 (MIPSII)
		{52151D04-69E3-4DC4-BEC9-F068F0BC990C}.Debug|Windows Mobile 5.0 Pocket PC SDK (ARMV4I).ActiveCfg = Debug|PMP2500 (MIPSII)
		{52151D04-69E3-4DC4-BEC9-F068F0BC990C}.Release|Mixed Platforms.ActiveCfg = Release|PMP2500 (MIPSII)
		{52151D04-69E3-4DC4-BEC9-F068F0BC990C}.Release|Mixed Platforms.Build.0 = Release|PMP2500 (MIPSII)
		{52151D04-69E3-4DC4-BEC9-F068F0BC990C}.Release|Mixed Platforms.Deploy.0 = Release|PMP2500 (MIPSII)
		{52151D04-69E3-4DC4-BEC9-F068F0BC990C}.Release|PMP2500 (MIPSII).ActiveCfg = Release|PMP2500 (MIPSII)
		{52151D04-69E3-4DC4-BEC9-F068F0BC990C}.Release|PMP2500 (MIPSII).Build.0 = Release|PMP2500 (MIPSII)
		{52151D04-69E3-4DC4-BEC9-F068F0BC990C}.Release|Pocket PC 2003 (ARMV4).ActiveCfg = Release|PMP2500 (MIPSII)
		{52151D04-69E3-4DC4-BEC9-F068F0BC990C}.Release|Smartphone 2003 (ARMV4).ActiveCfg = Release|PMP2500 (MIPSII)
		{52151D04-69E3-4DC4-BEC9-F068F0BC990C}.Release|STANDARDSDK_500 (MIPSII).ActiveCfg = Release|STANDARDSDK_500 (MIPSII)
		{52151D04-69E3-4DC4-BEC9-F068F0BC990C}.Release|STANDARDSDK_500 (MIPSII).Build.0 = Release|STANDARDSDK_500 (MIPSII)
		{52151D04-69E3-4DC4-BEC9-F068F0BC990C}.Release|STANDARDSDK_500 (MIPSII).Deploy.0 = Release|STANDARDSDK_500 (MIPSII)
		{52151D04-69E3-4DC4-BEC9-F068F0BC990C}.Release|Win32.ActiveCfg = Release|PMP2500 (MIPSII)
		{52151D04-69E3-4DC4-BEC9-F068F0BC990C}.Release|Windows Mobile 5.0 Pocket PC SDK (ARMV4I).ActiveCfg = Release|PMP2500 (MIPSII)
		{D39A6B31-DD54-4817-91E7-AC6374C4EE32}.Debug|Mixed Platforms.ActiveCfg = Debug|PMP2500 (MIPSII)
		{D39A6B31-DD54-4817-91E7-AC6374C4EE32}.Debug|Mixed Platforms.Build.0 = Debug|PMP2500 (MIPSII)
		{D39A6B31-DD54-4817-91E7-AC6374C4EE32}.Debug|Mixed Platforms.Deploy.0 = Debug|PMP2500 (MIPSII)
		{D39A6B31-DD54-4817-91E7-AC6374C4EE32}.Debug|PMP2500 (MIPSII).ActiveCfg = Debug|PMP2500 (MIPSII)
		{D39A6B31-DD54-4817-91E7-AC6374C4EE32}.Debug|PMP2500 (MIPSII).Build.0 = Debug|PMP2500 (MIPSII)
		{D39A6B31-DD54-4817-91E7-AC6374C4EE32}.Debug|PMP2500 (MIPSII).Deploy.0 = Debug|PMP2500 (MIPSII)
		{D39A6B31-DD54-4817-91E7-AC6374C4EE32}.Debug|Pocket PC 2003 (ARMV4).ActiveCfg = Debug|PMP2500 (MIPSII)
		{D39A6B31-DD54-4817-91E7-AC6374C4EE32}.Debug|Smartphone 2003 (ARMV4).ActiveCfg = Debug|PMP2500 (MIPSII)
		{D39A6B31-DD54-4817-91E7-AC6374C4EE32}.Debug|STANDARDSDK_500 (MIPSII).ActiveCfg = Debug|STANDARDSDK_500 (MIPSII)
		{D39A6B31-DD54-4817-91E7-AC6374C4EE32}.Debug|STANDARDSDK_500 (MIPSII).Build.0 = Debug|STANDARDSDK_500 (MIPSII)
		{D39A6B31-DD54-4817-91E7-AC6374C4EE32}.Debug|STANDARDSDK_500 (MIPSII).Deploy.0 = Debug|STANDARDSDK_500 (MIPSII)
		{D39A6B31-DD54-4817-91E7-AC6374C4EE32}.Debug|Win32.ActiveCfg = Debug|PMP2500 (MIPSII)
		{D39A6B31-DD54-4817-91E7-AC6374C4EE32}.Debug|Windows Mobile 5.0 Pocket PC SDK (ARMV4I).ActiveCfg = Debug|PMP2500 (MIPSII)
		{D39A6B31-DD54-4817-91E7-AC6374C4EE32}.Release|Mixed Platforms.ActiveCfg = Release|PMP2500 (MIPSII)
		{D39A6B31-DD54-4817-91E7-AC6374C4EE32}.Release|Mixed Platforms.Build.0 = Release|PMP2500 (MIPSII)
		{D39A6B31-DD54-4817-91E7-AC6374C4EE32}.Release|Mixed Platforms.Deploy.0 = Release|PMP2500 (MIPSII)
		{D39A6B31-DD54-4817-91E7-AC6374C4EE32}.Release|PMP2500 (MIPSII).ActiveCfg = Release|PMP2500 (MIPSII)
		{D39A6B31-DD54-4817-91E7-AC6374C4EE32}.Release|PMP2500 (MIPSII).Build.0 = Release|PMP2500 (MIPSII)
		{D39A6B31-DD54-4817-91E7-AC6374C4EE32}.Release|Pocket PC 2003 (ARMV4).ActiveCfg = Release|PMP2500 (MIPSII)
		{D39A6B31-DD54-4817-91E7-AC6374C4EE32}.Release|Smartphone 2003 (ARMV4).ActiveCfg = Release|PMP2500 (MIPSII)
		{D39A6B31-DD54-4817-91E7-AC6374C4EE32}.Release|STANDARDSDK_500 (MIPSII).ActiveCfg = Release|STANDARDSDK_500 (MIPSII)
		{D39A6B31-DD54-4817-91E7-AC6374C4EE32}.Release|STANDARDSDK_500 (MIPSII).Build.0 = Release|STANDARDSDK_500 (MIPSII)
		{D39A6B31-DD54-4817-91E7-AC6374C4EE32}.Release|STANDARDSDK_500 (MIPSII).Deploy.0 = Release|STANDARDSDK_500 (MIPSII)
		{D39A6B31-DD54-4817-91E7-AC6374C4EE32}.Release|Win32.ActiveCfg = Release|PMP2500 (MIPSII)
		{D39A6B31-DD54-4817-91E7-AC6374C4EE32}.Release|Windows Mobile 5.0 Pocket PC SDK (ARMV4I).ActiveCfg = Release|PMP2500 (MIPSII)
		{24C54CE7-52D9-4D96-ADE7-85A61F0AA52D}.Debug|Mixed Platforms.ActiveCfg = Debug|PMP2500 (MIPSII)
		{24C54CE7-52D9-4D96-ADE7-85A61F0AA52D}.Debug|Mixed Platforms.Build.0 = Debug|PMP2500 (MIPSII)
		{24C54CE7-52D9-4D96-ADE7-85A61F0AA52D}.Debug|Mixed Platforms.Deploy.0 = Debug|PMP2500 (MIPSII)
		{24C54CE7-52D9-4D96-ADE7-85A61F0AA52D}.Debug|PMP2500 (MIPSII).ActiveCfg = Debug|PMP2500 (MIPSII)
		{24C54CE7-52D9-4D96-ADE7-85A61F0AA52D}.Debug|PMP2500 (MIPSII).Build.0 = Debug|PMP2500 (MIPSII)
		{24C54CE7-52D9-4D96-ADE7-85A61F0AA52D}.Debug|PMP2500 (MIPSII).Deploy.0 = Debug|PMP2500 (MIPSII)
		{24C54CE7-52D9-4D96-ADE7-85A61F0AA52D}.Debug|Pocket PC 2003 (ARMV4).ActiveCfg = Debug|PMP2500 (MIPSII)
		{24C54CE7-52D9-4D96-ADE7-85A61F0AA52D}.Debug|Smartphone 2003 (ARMV4).ActiveCfg = Debug|PMP2500 (MIPSII)
		{24C54CE7-52D9-4D96-ADE7-85A61F0AA52D}.Debug|STANDARDSDK_500 (MIPSII).ActiveCfg = Debug|STANDARDSDK_500 (MIPSII)
		{24C54CE7-52D9-4D96-ADE7-85A61F0AA52D}.Debug|STANDARDSDK_500 (MIPSII).Build.0 = Debug|STANDARDSDK_500 (MIPSII)
		{24C54CE7-52D9-4D96-ADE7-85A61F0AA52D}.Debug|STANDARDSDK_500 (MIPSII).Deploy.0 = Debug|STANDARDSDK_500 (MIPSII)
		{24C54CE7-52D9-4D96-ADE7-85A61F0AA52D}.Debug|Win32.ActiveCfg = Debug|PMP2500 (MIPSII)
		{24C54CE7-52D9-4D96-ADE7-85A61F0AA52D}.Debug|Windows Mobile 5.0 Pocket PC SDK (ARMV4I).ActiveCfg = Debug|PMP2500 (MIPSII)
		{24C54CE7-52D9-4D96-ADE7-85A61F0AA52D}.Release|Mixed Platforms.ActiveCfg = Release|PMP2500 (MIPSII)
		{24C54CE7-52D9-4D96-ADE7-85A61F0AA52D}.Release|Mixed Platforms.Build.0 = Release|PMP2500 (MIPSII)
		{24C54CE7-52D9-4D96-ADE7-85A61F0AA52D}.Release|Mixed Platforms.Deploy.0 = Release|PMP2500 (MIPSII)
		{24C54CE7-52D9-4D96-ADE7-85A61F0AA52D}.Release|PMP2500 (MIPSII).ActiveCfg = Release|PMP2500 (MIPSII)
		{24C54CE7-52D9-4D96-ADE7-85A61F0AA52D}.Release|PMP2500 (MIPSII).Build.0 = Release|PMP2500 (MIPSII)
		{24C54CE7-52D9-4D96-ADE7-85A61F0AA52D}.Release|Pocket PC 2003 (ARMV4).ActiveCfg = Release|PMP2500 (MIPSII)
		{24C54CE7-52D9-4D96-ADE7-85A61F0AA52D}.Release|Smartphone 2003 (ARMV4).ActiveCfg = Release|PMP2500 (MIPSII)
		{24C54CE7-52D9-4D96-ADE7-85A61F0AA52D}.Release|STANDARDSDK_500 (MIPSII).ActiveCfg = Release|STANDARDSDK_500 (MIPSII)
		{24C54CE7-52D9-4D96-ADE7-85A61F0AA52D}.Release|STANDARDSDK_500 (MIPSII).Build.0 = Release|STANDARDSDK_500 (MIPSII)
		{24C54CE7-52D9-4D96-ADE7-85A61F0AA52D}.Release|STANDARDSDK_500 (MIPSII).Deploy.0 = Release|STANDARDSDK_500 (MIPSII)
		{24C54CE7-52D9-4D96-ADE7-85A61F0AA52D}.Release|Win32.ActiveCfg = Release|PMP2500 (MIPSII)
		{24C54CE7-52D9-4D96-ADE7-85A61F0AA52D}.Release|Windows Mobile 5.0 Pocket PC SDK (ARMV4I).ActiveCfg = Release|PMP2500 (MIPSII)
		{268A84B0-2D48-4264-81D3-8BFF7897453C}.Debug|Mixed Platforms.ActiveCfg = Debug|PMP2500 (MIPSII)
		{268A84B0-2D48-4264-81D3-8BFF7897453C}.Debug|Mixed Platforms.Build.0 = Debug|PMP2500 (MIPSII)
		{268A84B0-2D48-4264-81D3-8BFF7897453C}.Debug|Mixed Platforms.Deploy.0 = Debug|PMP2500 (MIPSII)
		{268A84B0-2D48-4264-81D3-8BFF7897453C}.Debug|PMP2500 (MIPSII).ActiveCfg = Debug|PMP2500 (MIPSII)
		{268A84B0-2D48-4264-81D3-8BFF7897453C}.Debug|PMP2500 (MIPSII).Build.0 = Debug|PMP2500 (MIPSII)
		{268A84B0-2D48-4264-81D3-8BFF7897453C}.Debug|PMP2500 (MIPSII).Deploy.0 = Debug|PMP2500 (MIPSII)
		{268A84B0-2D48-4264-81D3-8BFF7897453C}.Debug|Pocket PC 2003 (ARMV4).ActiveCfg = Debug|PMP2500 (MIPSII)
		{268A84B0-2D48-4264-81D3-8BFF7897453C}.Debug|Smartphone 2003 (ARMV4).ActiveCfg = Debug|PMP2500 (MIPSII)
		{268A84B0-2D48-4264-81D3-8BFF7897453C}.Debug|STANDARDSDK_500 (MIPSII).ActiveCfg = Debug|STANDARDSDK_500 (MIPSII)
		{268A84B0-2D48-4264-81D3-8BFF7897453C}.Debug|STANDARDSDK_500 (MIPSII).Build.0 = Debug|STANDARDSDK_500 (MIPSII)
		{268A84B0-2D48-4264-81D3-8BFF7897453C}.Debug|STANDARDSDK_500 (MIPSII).Deploy.0 = Debug|STANDARDSDK_500 (MIPSII)
		{268A84B0-2D48-4264-81D3-8BFF7897453C}.Debug|Win32.ActiveCfg = Debug|PMP2500 (MIPSII)
		{268A84B0-2D48-4264-81D3-8BFF7897453C}.Debug|Windows Mobile 5.0 Pocket PC SDK (ARMV4I).ActiveCfg = Debug|PMP2500 (MIPSII)
		{268A84B0-2D48-4264-81D3-8BFF7897453C}.Release|Mixed Platforms.ActiveCfg = Release|PMP2500 (MIPSII)
		{268A84B0-2D48-4264-81D3-8BFF7897453C}.Release|Mixed Platforms.Build.0 = Release|PMP2500 (MIPSII)
		{268A84B0-2D48-4264-81D3-8BFF7897453C}.Release|Mixed Platforms.Deploy.0 = Release|PMP2500 (MIPSII)
		{268A84B0-2D48-4264-81D3-8BFF7897453C}.Release|PMP2500 (MIPSII).ActiveCfg = Release|PMP2500 (MIPSII)
		{268A84B0-2D48-4264-81D3-8BFF7897453C}.Release|PMP2500 (MIPSII).Build.0 = Release|PMP2500 (MIPSII)
		{268A84B0-2D48-4264-81D3-8BFF7897453C}.Release|Pocket PC 2003 (ARMV4).ActiveCfg = Release|PMP2500 (MIPSII)
		{268A84B0-2D48-4264-81D3-8BFF7897453C}.Release|Smartphone 2003 (ARMV4).ActiveCfg = Release|PMP2500 (MIPSII)
		{268A84B0-2D48-4264-81D3-8BFF7897453C}.Release|STANDARDSDK_500 (MIPSII).ActiveCfg = Release|STANDARDSDK_500 (MIPSII)
		{268A84B0-2D48-4264-81D3-8BFF7897453C}.Release|STANDARDSDK_500 (MIPSII).Build.0 = Release|STANDARDSDK_500 (MIPSII)
		{268A84B0-2D48-4264-81D3-8BFF7897453C}.Release|STANDARDSDK_500 (MIPSII).Deploy.0 = Release|STANDARDSDK_500 (MIPSII)
		{268A84B0-2D48-4264-81D3-8BFF7897453C}.Release|Win32.ActiveCfg = Release|PMP2500 (MIPSII)
		{268A84B0-2D48-4264-81D3-8BFF7897453C}.Release|Windows Mobile 5.0 Pocket PC SDK (ARMV4I).ActiveCfg = Release|PMP2500 (MIPSII)
		{CA955F8A-49FF-4DFE-9F61-E9113E993549}.Debug|Mixed Platforms.ActiveCfg = Debug|PMP2500 (MIPSII)
		{CA955F8A-49FF-4DFE-9F61-E9113E993549}.Debug|Mixed Platforms.Build.0 = Debug|PMP2500 (MIPSII)
		{CA955F8A-49FF-4DFE-9F61-E9113E993549}.Debug|Mixed Platforms.Deploy.0 = Debug|PMP2500 (MIPSII)
		{CA955F8A-49FF-4DFE-9F61-E9113E993549}.Debug|PMP2500 (MIPSII).ActiveCfg = Debug|PMP2500 (MIPSII)
		{CA955F8A-49FF-4DFE-9F61-E9113E993549}.Debug|PMP2500 (MIPSII).Build.0 = Debug|PMP2500 (MIPSII)
		{CA955F8A-49FF-4DFE-9F61-E9113E993549}.Debug|PMP2500 (MIPSII).Deploy.0 = Debug|PMP2500 (MIPSII)
		{CA955F8A-49FF-4DFE-9F61-E9113E993549}.Debug|Pocket PC 2003 (ARMV4).ActiveCfg = Debug|PMP2500 (MIPSII)
		{CA955F8A-49FF-4DFE-9F61-E9113E993549}.Debug|Smartphone 2003 (ARMV4).ActiveCfg = Debug|PMP2500 (MIPSII)
		{CA955F8A-49FF-4DFE-9F61-E9113E993549}.Debug|STANDARDSDK_500 (MIPSII).ActiveCfg = Debug|STANDARDSDK_500 (MIPSII)
		{CA955F8A-49FF-4DFE-9F61-E9113E993549}.Debug|STANDARDSDK_500 (MIPSII).Build.0 = Debug|STANDARDSDK_500 (MIPSII)
		{CA955F8A-49FF-4DFE-9F61-E9113E993549}.Debug|STANDARDSDK_500 (MIPSII).Deploy.0 = Debug|STANDARDSDK_500 (MIPSII)
		{CA955F8A-49FF-4DFE-9F61-E9113E993549}.Debug|Win32.ActiveCfg = Debug|PMP2500 (MIPSII)
		{CA955F8A-49FF-4DFE-9F61-E9113E993549}.Debug|Windows Mobile 5.0 Pocket PC SDK (ARMV4I).ActiveCfg = Debug|PMP2500 (MIPSII)
		{CA955F8A-49FF-4DFE-9F61-E9113E993549}.Release|Mixed Platforms.ActiveCfg = Release|PMP2500 (MIPSII)
		{CA955F8A-49FF-4DFE-9F61-E9113E993549}.Release|Mixed Platforms.Build.0 = Release|PMP2500 (MIPSII)
		{CA955F8A-49FF-4DFE-9F61-E9113E993549}.Release|Mixed Platforms.Deploy.0 = Release|PMP2500 (MIPSII)
		{CA955F8A-49FF-4DFE-9F61-E9113E993549}.Release|PMP2500 (MIPSII).ActiveCfg = Release|PMP2500 (MIPSII)
		{CA955F8A-49FF-4DFE-9F61-E9113E993549}.Release|PMP2500 (MIPSII).Build.0 = Release|PMP2500 (MIPSII)
		{CA955F8A-49FF-4DFE-9F61-E9113E993549}.Release|Pocket PC 2003 (ARMV4).ActiveCfg = Release|PMP2500 (MIPSII)
		{CA955F8A-49FF-4DFE-9F61-E9113E993549}.Release|Smartphone 2003 (ARMV4).ActiveCfg = Release|PMP2500 (MIPSII)
		{CA955F8A-49FF-4DFE-9F61-E9113E993549}.Release|STANDARDSDK_500 (MIPSII).ActiveCfg = Release|STANDARDSDK_500 (MIPSII)
		{CA955F8A-49FF-4DFE-9F61-E9113E993549}.Release|STANDARDSDK_500 (MIPSII).Build.0 = Release|STANDARDSDK_500 (MIPSII)
		{CA955F8A-49FF-4DFE-9F61-E9113E993549}.Release|STANDARDSDK_500 (MIPSII).Deploy.0 = Release|STANDARDSDK_500 (MIPSII)
		{CA955F8A-49FF-4DFE-9F61-E9113E993549}.Release|Win32.ActiveCfg = Release|PMP2500 (MIPSII)
		{CA955F8A-49FF-4DFE-9F61-E9113E993549}.Release|Windows Mobile 5.0 Pocket PC SDK (ARMV4I).ActiveCfg = Release|PMP2500 (MIPSII)
		{FC7D393A-F4ED-4D78-815F-F8D96627699F}.Debug|Mixed Platforms.ActiveCfg = Debug|PMP2500 (MIPSII)
		{FC7D393A-F4ED-4D78-815F-F8D96627699F}.Debug|Mixed Platforms.Build.0 = Debug|PMP2500 (MIPSII)
		{FC7D393A-F4ED-4D78-815F-F8D96627699F}.Debug|Mixed Platforms.Deploy.0 = Debug|PMP2500 (MIPSII)
		{FC7D393A-F4ED-4D78-815F-F8D96627699F}.Debug|PMP2500 (MIPSII).ActiveCfg = Debug|PMP2500 (MIPSII)
		{FC7D393A-F4ED-4D78-815F-F8D96627699F}.Debug|PMP2500 (MIPSII).Build.0 = Debug|PMP2500 (MIPSII)
		{FC7D393A-F4ED-4D78-815F-F8D96627699F}.Debug|PMP2500 (MIPSII).Deploy.0 = Debug|PMP2500 (MIPSII)
		{FC7D393A-F4ED-4D78-815F-F8D96627699F}.Debug|Pocket PC 2003 (ARMV4).ActiveCfg = Debug|PMP2500 (MIPSII)
		{FC7D393A-F4ED-4D78-815F-F8D96627699F}.Debug|Smartphone 2003 (ARMV4).ActiveCfg = Debug|PMP2500 (MIPSII)
		{FC7D393A-F4ED-4D78-815F-F8D96627699F}.Debug|STANDARDSDK_500 (MIPSII).ActiveCfg = Debug|STANDARDSDK_500 (MIPSII)
		{FC7D393A-F4ED-4D78-815F-F8D96627699F}.Debug|STANDARDSDK_500 (MIPSII).Build.0 = Debug|STANDARDSDK_500 (MIPSII)
		{FC7D393A-F4ED-4D78-815F-F8D96627699F}.Debug|STANDARDSDK_500 (MIPSII).Deploy.0 = Debug|STANDARDSDK_500 (MIPSII)
		{FC7D393A-F4ED-4D78-815F-F8D96627699F}.Debug|Win32.ActiveCfg = Debug|PMP2500 (MIPSII)
		{FC7D393A-F4ED-4D78-815F-F8D96627699F}.Debug|Windows Mobile 5.0 Pocket PC SDK (ARMV4I).ActiveCfg = Debug|PMP2500 (MIPSII)
		{FC7D393A-F4ED-4D78-815F-F8D96627699F}.Release|Mixed Platforms.ActiveCfg = Release|PMP2500 (MIPSII)
		{FC7D393A-F4ED-4D78-815F-F8D96627699F}.Release|Mixed Platforms.Build.0 = Release|PMP2500 (MIPSII)
		{FC7D393A-F4ED-4D78-815F-F8D96627699F}.Release|Mixed Platforms.Deploy.0 = Release|PMP2500 (MIPSII)
		{FC7D393A-F4ED-4D78-815F-F8D96627699F}.Release|PMP2500 (MIPSII).ActiveCfg = Release|PMP2500 (MIPSII)
		{FC7D393A-F4ED-4D78-815F-F8D96627699F}.Release|PMP2500 (MIPSII).Build.0 = Release|PMP2500 (MIPSII)
		{FC7D393A-F4ED-4D78-815F-F8D96627699F}.Release|Pocket PC 2003 (ARMV4).ActiveCfg = Release|PMP2500 (MIPSII)
		{FC7D393A-F4ED-4D78-815F-F8D96627699F}.Release|Smartphone 2003 (ARMV4).ActiveCfg = Release|PMP2500 (MIPSII)
		{FC7D393A-F4ED-4D78-815F-F8D96627699F}.Release|STANDARDSDK_500 (MIPSII).ActiveCfg = Release|STANDARDSDK_500 (MIPSII)
		{FC7D393A-F4ED-4D78-815F-F8D96627699F}.Release|STANDARDSDK_500 (MIPSII).Build.0 = Release|STANDARDSDK_500 (MIPSII)
		{FC7D393A-F4ED-4D78-815F-F8D96627699F}.Release|STANDARDSDK_500 (MIPSII).Deploy.0 = Release|STANDARDSDK_500 (MIPSII)
		{FC7D393A-F4ED-4D78-815F-F8D96627699F}.Release|Win32.ActiveCfg = Release|PMP2500 (MIPSII)
		{FC7D393A-F4ED-4D78-815F-F8D96627699F}.Release|Windows Mobile 5.0 Pocket PC SDK (ARMV4I).ActiveCfg = Release|PMP2500 (MIPSII)
		{7A7BCEAF-E8D5-44F3-A22F-1EDF439D917A}.Debug|Mixed Platforms.ActiveCfg = Debug|PMP2500 (MIPSII)
		{7A7BCEAF-E8D5-44F3-A22F-1EDF439D917A}.Debug|Mixed Platforms.Build.0 = Debug|PMP2500 (MIPSII)
		{7A7BCEAF-E8D5-44F3-A22F-1EDF439D917A}.Debug|Mixed Platforms.Deploy.0 = Debug|PMP2500 (MIPSII)
		{7A7BCEAF-E8D5-44F3-A22F-1EDF439D917A}.Debug|PMP2500 (MIPSII).ActiveCfg = Debug|PMP2500 (MIPSII)
		{7A7BCEAF-E8D5-44F3-A22F-1EDF439D917A}.Debug|PMP2500 (MIPSII).Build.0 = Debug|PMP2500 (MIPSII)
		{7A7BCEAF-E8D5-44F3-A22F-1EDF439D917A}.Debug|PMP2500 (MIPSII).Deploy.0 = Debug|PMP2500 (MIPSII)
		{7A7BCEAF-E8D5-44F3-A22F-1EDF439D917A}.Debug|Pocket PC 2003 (ARMV4).ActiveCfg = Debug|PMP2500 (MIPSII)
		{7A7BCEAF-E8D5-44F3-A22F-1EDF439D917A}.Debug|Smartphone 2003 (ARMV4).ActiveCfg = Debug|PMP2500 (MIPSII)
		{7A7BCEAF-E8D5-44F3-A22F-1EDF439D917A}.Debug|STANDARDSDK_500 (MIPSII).ActiveCfg = Debug|STANDARDSDK_500 (MIPSII)
		{7A7BCEAF-E8D5-44F3-A22F-1EDF439D917A}.Debug|STANDARDSDK_500 (MIPSII).Build.0 = Debug|STANDARDSDK_500 (MIPSII)
		{7A7BCEAF-E8D5-44F3-A22F-1EDF439D917A}.Debug|STANDARDSDK_500 (MIPSII).Deploy.0 = Debug|STANDARDSDK_500 (MIPSII)
		{7A7BCEAF-E8D5-44F3-A22F-1EDF439D917A}.Debug|Win32.ActiveCfg = Debug|PMP2500 (MIPSII)
		{7A7BCEAF-E8D5-44F3-A22F-1EDF439D917A}.Debug|Windows Mobile 5.0 Pocket PC SDK (ARMV4I).ActiveCfg = Debug|PMP2500 (MIPSII)
		{7A7BCEAF-E8D5-44F3-A22F-1EDF439D917A}.Release|Mixed Platforms.ActiveCfg = Release|PMP2500 (MIPSII)
		{7A7BCEAF-E8D5-44F3-A22F-1EDF439D917A}.Release|Mixed Platforms.Build.0 = Release|PMP2500 (MIPSII)
		{7A7BCEAF-E8D5-44F3-A22F-1EDF439D917A}.Release|Mixed Platforms.Deploy.0 = Release|PMP2500 (MIPSII)
		{7A7BCEAF-E8D5-44F3-A22F-1EDF439D917A}.Release|PMP2500 (MIPSII).ActiveCfg = Release|PMP2500 (MIPSII)
		{7A7BCEAF-E8D5-44F3-A22F-1EDF439D917A}.Release|PMP2500 (MIPSII).Build.0 = Release|PMP2500 (MIPSII)
		{7A7BCEAF-E8D5-44F3-A22F-1EDF439D917A}.Release|Pocket PC 2003 (ARMV4).ActiveCfg = Release|PMP2500 (MIPSII)
		{7A7BCEAF-E8D5-44F3-A22F-1EDF439D917A}.Release|Smartphone 2003 (ARMV4).ActiveCfg = Release|PMP2500 (MIPSII)
		{7A7BCEAF-E8D5-44F3-A22F-1EDF439D917A}.Release|STANDARDSDK_500 (MIPSII).ActiveCfg = Release|STANDARDSDK_500 (MIPSII)
		{7A7BCEAF-E8D5-44F3-A22F-1EDF439D917A}.Release|STANDARDSDK_500 (MIPSII).Build.0 = Release|STANDARDSDK_500 (MIPSII)
		{7A7BCEAF-E8D5-44F3-A22F-1EDF439D917A}.Release|STANDARDSDK_500 (MIPSII).Deploy.0 = Release|STANDARDSDK_500 (MIPSII)
		{7A7BCEAF-E8D5-44F3-A22F-1EDF439D917A}.Release|Win32.ActiveCfg = Release|PMP2500 (MIPSII)
		{7A7BCEAF-E8D5-44F3-A22F-1EDF439D917A}.Release|Windows Mobile 5.0 Pocket PC SDK (ARMV4I).ActiveCfg = Release|PMP2500 (MIPSII)
	EndGlobalSection
	GlobalSection(SolutionProperties) = preSolution
		HideSolutionNode = FALSE
	EndGlobalSection
EndGlobal
